
Microsoft Visual Studio Solution File, Format Version 12.00
# Visual Studio Version 16
VisualStudioVersion = 16.0.31624.102
MinimumVisualStudioVersion = 10.0.40219.1
Project("{FAE04EC0-301F-11D3-BF4B-00C04F79EFBC}") = "StackLayoutDemo.Android", "StackLayoutDemo.Android\StackLayoutDemo.Android.csproj", "{20E684DD-3510-46E5-9228-48B16E70810F}"
EndProject
Project("{FAE04EC0-301F-11D3-BF4B-00C04F79EFBC}") = "StackLayoutDemo.iOS", "StackLayoutDemo.iOS\StackLayoutDemo.iOS.csproj", "{6C44640E-4675-48F8-A9BB-45D741D90666}"
EndProject
Project("{FAE04EC0-301F-11D3-BF4B-00C04F79EFBC}") = "StackLayoutDemo", "StackLayoutDemo\StackLayoutDemo.csproj", "{AA0EF00D-DC90-41AB-8DFA-EF34E1CFB326}"
EndProject
Global
	GlobalSection(SolutionConfigurationPlatforms) = preSolution
		Debug|Any CPU = Debug|Any CPU
		Debug|iPhone = Debug|iPhone
		Debug|iPhoneSimulator = Debug|iPhoneSimulator
		Release|Any CPU = Release|Any CPU
		Release|iPhone = Release|iPhone
		Release|iPhoneSimulator = Release|iPhoneSimulator
	EndGlobalSection
	GlobalSection(ProjectConfigurationPlatforms) = postSolution
		{20E684DD-3510-46E5-9228-48B16E70810F}.Debug|Any CPU.ActiveCfg = Debug|Any CPU
		{20E684DD-3510-46E5-9228-48B16E70810F}.Debug|Any CPU.Build.0 = Debug|Any CPU
		{20E684DD-3510-46E5-9228-48B16E70810F}.Debug|Any CPU.Deploy.0 = Debug|Any CPU
		{20E684DD-3510-46E5-9228-48B16E70810F}.Debug|iPhone.ActiveCfg = Debug|Any CPU
		{20E684DD-3510-46E5-9228-48B16E70810F}.Debug|iPhone.Build.0 = Debug|Any CPU
		{20E684DD-3510-46E5-9228-48B16E70810F}.Debug|iPhone.Deploy.0 = Debug|Any CPU
		{20E684DD-3510-46E5-9228-48B16E70810F}.Debug|iPhoneSimulator.ActiveCfg = Debug|Any CPU
		{20E684DD-3510-46E5-9228-48B16E70810F}.Debug|iPhoneSimulator.Build.0 = Debug|Any CPU
		{20E684DD-3510-46E5-9228-48B16E70810F}.Debug|iPhoneSimulator.Deploy.0 = Debug|Any CPU
		{20E684DD-3510-46E5-9228-48B16E70810F}.Release|Any CPU.ActiveCfg = Release|Any CPU
		{20E684DD-3510-46E5-9228-48B16E70810F}.Release|Any CPU.Build.0 = Release|Any CPU
		{20E684DD-3510-46E5-9228-48B16E70810F}.Release|Any CPU.Deploy.0 = Release|Any CPU
		{20E684DD-3510-46E5-9228-48B16E70810F}.Release|iPhone.ActiveCfg = Release|Any CPU
		{20E684DD-3510-46E5-9228-48B16E70810F}.Release|iPhone.Build.0 = Release|Any CPU
		{20E684DD-3510-46E5-9228-48B16E70810F}.Release|iPhone.Deploy.0 = Release|Any CPU
		{20E684DD-3510-46E5-9228-48B16E70810F}.Release|iPhoneSimulator.ActiveCfg = Release|Any CPU
		{20E684DD-3510-46E5-9228-48B16E70810F}.Release|iPhoneSimulator.Build.0 = Release|Any CPU
		{20E684DD-3510-46E5-9228-48B16E70810F}.Release|iPhoneSimulator.Deploy.0 = Release|Any CPU
		{6C44640E-4675-48F8-A9BB-45D741D90666}.Debug|Any CPU.ActiveCfg = Debug|iPhone
		{6C44640E-4675-48F8-A9BB-45D741D90666}.Debug|Any CPU.Build.0 = Debug|iPhone
		{6C44640E-4675-48F8-A9BB-45D741D90666}.Debug|Any CPU.Deploy.0 = Debug|iPhone
		{6C44640E-4675-48F8-A9BB-45D741D90666}.Debug|iPhone.ActiveCfg = Debug|iPhone
		{6C44640E-4675-48F8-A9BB-45D741D90666}.Debug|iPhone.Build.0 = Debug|iPhone
		{6C44640E-4675-48F8-A9BB-45D741D90666}.Debug|iPhone.Deploy.0 = Debug|iPhone
		{6C44640E-4675-48F8-A9BB-45D741D90666}.Debug|iPhoneSimulator.ActiveCfg = Debug|iPhoneSimulator
		{6C44640E-4675-48F8-A9BB-45D741D90666}.Debug|iPhoneSimulator.Build.0 = Debug|iPhoneSimulator
		{6C44640E-4675-48F8-A9BB-45D741D90666}.Debug|iPhoneSimulator.Deploy.0 = Debug|iPhoneSimulator
		{6C44640E-4675-48F8-A9BB-45D741D90666}.Release|Any CPU.ActiveCfg = Release|iPhoneSimulator
		{6C44640E-4675-48F8-A9BB-45D741D90666}.Release|Any CPU.Build.0 = Release|iPhoneSimulator
		{6C44640E-4675-48F8-A9BB-45D741D90666}.Release|Any CPU.Deploy.0 = Release|iPhoneSimulator
		{6C44640E-4675-48F8-A9BB-45D741D90666}.Release|iPhone.ActiveCfg = Release|iPhone
		{6C44640E-4675-48F8-A9BB-45D741D90666}.Release|iPhone.Build.0 = Release|iPhone
		{6C44640E-4675-48F8-A9BB-45D741D90666}.Release|iPhone.Deploy.0 = Release|iPhone
		{6C44640E-4675-48F8-A9BB-45D741D90666}.Release|iPhoneSimulator.ActiveCfg = Release|iPhoneSimulator
		{6C44640E-4675-48F8-A9BB-45D741D90666}.Release|iPhoneSimulator.Build.0 = Release|iPhoneSimulator
		{6C44640E-4675-48F8-A9BB-45D741D90666}.Release|iPhoneSimulator.Deploy.0 = Release|iPhoneSimulator
		{AA0EF00D-DC90-41AB-8DFA-EF34E1CFB326}.Debug|Any CPU.ActiveCfg = Debug|Any CPU
		{AA0EF00D-DC90-41AB-8DFA-EF34E1CFB326}.Debug|Any CPU.Build.0 = Debug|Any CPU
		{AA0EF00D-DC90-41AB-8DFA-EF34E1CFB326}.Debug|Any CPU.Deploy.0 = Debug|Any CPU
		{AA0EF00D-DC90-41AB-8DFA-EF34E1CFB326}.Debug|iPhone.ActiveCfg = Debug|Any CPU
		{AA0EF00D-DC90-41AB-8DFA-EF34E1CFB326}.Debug|iPhone.Build.0 = Debug|Any CPU
		{AA0EF00D-DC90-41AB-8DFA-EF34E1CFB326}.Debug|iPhone.Deploy.0 = Debug|Any CPU
		{AA0EF00D-DC90-41AB-8DFA-EF34E1CFB326}.Debug|iPhoneSimulator.ActiveCfg = Debug|Any CPU
		{AA0EF00D-DC90-41AB-8DFA-EF34E1CFB326}.Debug|iPhoneSimulator.Build.0 = Debug|Any CPU
		{AA0EF00D-DC90-41AB-8DFA-EF34E1CFB326}.Debug|iPhoneSimulator.Deploy.0 = Debug|Any CPU
		{AA0EF00D-DC90-41AB-8DFA-EF34E1CFB326}.Release|Any CPU.ActiveCfg = Release|Any CPU
		{AA0EF00D-DC90-41AB-8DFA-EF34E1CFB326}.Release|Any CPU.Build.0 = Release|Any CPU
		{AA0EF00D-DC90-41AB-8DFA-EF34E1CFB326}.Release|Any CPU.Deploy.0 = Release|Any CPU
		{AA0EF00D-DC90-41AB-8DFA-EF34E1CFB326}.Release|iPhone.ActiveCfg = Release|Any CPU
		{AA0EF00D-DC90-41AB-8DFA-EF34E1CFB326}.Release|iPhone.Build.0 = Release|Any CPU
		{AA0EF00D-DC90-41AB-8DFA-EF34E1CFB326}.Release|iPhone.Deploy.0 = Release|Any CPU
		{AA0EF00D-DC90-41AB-8DFA-EF34E1CFB326}.Release|iPhoneSimulator.ActiveCfg = Release|Any CPU
		{AA0EF00D-DC90-41AB-8DFA-EF34E1CFB326}.Release|iPhoneSimulator.Build.0 = Release|Any CPU
		{AA0EF00D-DC90-41AB-8DFA-EF34E1CFB326}.Release|iPhoneSimulator.Deploy.0 = Release|Any CPU
	EndGlobalSection
	GlobalSection(SolutionProperties) = preSolution
		HideSolutionNode = FALSE
	EndGlobalSection
	GlobalSection(ExtensibilityGlobals) = postSolution
		SolutionGuid = {7709C4EC-ED5C-4ED4-9A50-37956B285FF7}
	EndGlobalSection
EndGlobal
